{
  "name": "testpackage",
  "version": "1.0.0",
  "lockfileVersion": 3,
  "requires": true,
  "packages": {
    "": {
      "name": "testpackage",
      "version": "1.0.0",
      "license": "ISC",
      "dependencies": {
        "@arashioz/errjson-talieh": "^1.0.0"
      }
    },
    "node_modules/@arashioz/errjson-talieh": {
      "version": "1.0.0",
      "resolved": "https://registry.npmjs.org/@arashioz/errjson-talieh/-/errjson-talieh-1.0.0.tgz",
      "integrity": "sha512-WX/ZqBiScjlLmagrzb2ixX2oo0d/yfUAbbAyIDNAAScerf2HaNr9XdnQ3OjbhwH1SzBJvulvMGfk+3c4S4OMGA==",
      "dependencies": {
        "typescript": "^5.3.3",
        "undici-types": "^5.26.5"
      },
      "peerDependencies": {
        "typescript": "^5.0.0"
      }
    },
    "node_modules/typescript": {
      "version": "5.3.3",
      "resolved": "https://registry.npmjs.org/typescript/-/typescript-5.3.3.tgz",
      "integrity": "sha512-pXWcraxM0uxAS+tN0AG/BF2TyqmHO014Z070UsJ+pFvYuRSq8KH8DmWpnbXe0pEPDHXZV3FcAbJkijJ5oNEnWw==",
      "bin": {
        "tsc": "bin/tsc",
        "tsserver": "bin/tsserver"
      },
      "engines": {
        "node": ">=14.17"
      }
    },
    "node_modules/undici-types": {
      "version": "5.28.2",
      "resolved": "https://registry.npmjs.org/undici-types/-/undici-types-5.28.2.tgz",
      "integrity": "sha512-W71OLwDqzIO0d3k07qg1xc7d4cX8SsSwuCO4bQ4V7ITwduXXie/lcImofabP5VV+NvuvSe8ovKvHVJcizVc1JA=="
    }
  }
}
